{
	"name": "@adraffy/ens-norm-ref-impl",
	"version": "0.0.1",
	"lockfileVersion": 2,
	"requires": true,
	"packages": {
		"": {
			"name": "@adraffy/ens-norm-ref-impl",
			"version": "0.0.1",
			"license": "MIT",
			"dependencies": {
				"@adraffy/ensip-norm": "^0.0.1"
			}
		},
		"node_modules/@adraffy/ensip-norm": {
			"version": "0.0.1",
			"resolved": "https://registry.npmjs.org/@adraffy/ensip-norm/-/ensip-norm-0.0.1.tgz",
			"integrity": "sha512-5tXYUHJwyIGD41LqqN9uN1925kB5WuFHiSd5aVDJsrpTL3954WVBOk2YSTf1hG5fZPC0rr+fQrpGuPfbCFYpwg=="
		}
	},
	"dependencies": {
		"@adraffy/ensip-norm": {
			"version": "0.0.1",
			"resolved": "https://registry.npmjs.org/@adraffy/ensip-norm/-/ensip-norm-0.0.1.tgz",
			"integrity": "sha512-5tXYUHJwyIGD41LqqN9uN1925kB5WuFHiSd5aVDJsrpTL3954WVBOk2YSTf1hG5fZPC0rr+fQrpGuPfbCFYpwg=="
		}
	}
}
